<?xml version="1.0" encoding="utf-8"?>
<Project ToolsVersion="4.0" xmlns="http://schemas.microsoft.com/developer/msbuild/2003">
  <ItemGroup>
    <ClCompile Include="UI\Menu\Menu.cpp" />
    <ClCompile Include="UI\Menu\MenuBuilder.cpp" />
    <ClCompile Include="UI\Menu\MenuItem.cpp" />
    <ClCompile Include="UI.cpp" />
    <ClCompile Include="UI\Overlay\Overlay.cpp" />
    <ClCompile Include="UI\Overlay\OverlayTextItem.cpp" />
    <ClCompile Include="UI\Overlay\OverlayBarItem.cpp" />
  </ItemGroup>
  <ItemGroup>
    <ClInclude Include="UI\Loading.h" />
    <ClInclude Include="UI\Loading\LoadingBar.h" />
    <ClInclude Include="UI\Menu.h" />
    <ClInclude Include="UI\Menu\Menu.h" />
    <ClInclude Include="UI\Menu\MenuBuilder.h" />
    <ClInclude Include="UI\Menu\MenuItem.h" />
    <ClInclude Include="UI.h" />
    <ClInclude Include="UI\Overlay\Overlay.h" />
    <ClInclude Include="UI\Overlay\OverlayItem.h" />
    <ClInclude Include="UI\Overlay\OverlayTextItem.h" />
    <ClInclude Include="UI\Overlay\OverlayBarItem.h" />
  </ItemGroup>
</Project>