<?xml version="1.0" encoding="utf-8"?>
<Project ToolsVersion="4.0" xmlns="http://schemas.microsoft.com/developer/msbuild/2003">
  <ItemGroup>
    <ClCompile Include="States\GameState.cpp" />
    <ClCompile Include="States\MenuState.cpp" />
    <ClCompile Include="States\PauseMenuState.cpp" />
    <ClCompile Include="Systems\AnimationSystem.cpp" />
    <ClCompile Include="Systems\ColliderSystem.cpp" />
    <ClCompile Include="Systems\AISystem.cpp" />
    <ClCompile Include="Generate\Strategy\BSP\BSP.cpp" />
    <ClCompile Include="Generate\CityGenerator.cpp" />
    <ClCompile Include="Systems\ExpSystem.cpp" />
    <ClCompile Include="Systems\FightingSystem.cpp" />
    <ClCompile Include="GameManager.cpp" />
    <ClCompile Include="Systems\DrawSystem.cpp" />
    <ClCompile Include="Systems\InteractionSystem.cpp" />
    <ClCompile Include="Systems\InputSystem.cpp" />
    <ClCompile Include="main.cpp" />
    <ClCompile Include="Systems\MoveSystem.cpp" />
  </ItemGroup>
  <ItemGroup>
    <ClInclude Include="Components.h" />
    <ClInclude Include="Components\AIComponent.h" />
    <ClInclude Include="Generate.h" />
    <ClInclude Include="Generate\Strategy\BSP\Fills\Building.h" />
    <ClInclude Include="Generate\Strategy\BSP\Fills\Empty.h" />
    <ClInclude Include="Generate\Strategy\BSP\Fills\Fill.h" />
    <ClInclude Include="Generate\Strategy\BSP\Fills\Park.h" />
    <ClInclude Include="Generate\Strategy\BSP\Fills\Prefab.h" />
    <ClInclude Include="States\GameState.h" />
    <ClInclude Include="States.h" />
    <ClInclude Include="States\MenuState.h" />
    <ClInclude Include="States\PauseMenuState.h" />
    <ClInclude Include="Systems.h" />
    <ClInclude Include="Systems\AISystem.h" />
    <ClInclude Include="Event\AttackEventArgs.h" />
    <ClInclude Include="Components\AnimationComponent.h" />
    <ClInclude Include="Systems\AnimationSystem.h" />
    <ClInclude Include="Components\DimensionComponent.h" />
    <ClInclude Include="Event\ColliderEventArgs.h" />
    <ClInclude Include="Systems\ColliderSystem.h" />
    <ClInclude Include="Components\ExpComponent.h" />
    <ClInclude Include="Systems\ExpSystem.h" />
    <ClInclude Include="Systems\FightingSystem.h" />
    <ClInclude Include="Generate\Models\Models.h" />
    <ClInclude Include="Generate\Strategy\BSP\BSP.h" />
    <ClInclude Include="Generate\CityGenerator.h" />
    <ClInclude Include="GameManager.h" />
    <ClInclude Include="Components\DrawableComponent.h" />
    <ClInclude Include="Systems\DrawSystem.h" />
    <ClInclude Include="Components\HealthComponent.h" />
    <ClInclude Include="Components\InteractionComponent.h" />
    <ClInclude Include="Event\InteractionEventArgs.h" />
    <ClInclude Include="Systems\InteractionSystem.h" />
    <ClInclude Include="Components\LevelComponent.h" />
    <ClInclude Include="Generate\Strategy\Strategy.h" />
    <ClInclude Include="Components\PlayerComponent.h" />
    <ClInclude Include="Systems\InputSystem.h" />
    <ClInclude Include="Systems\MoveSystem.h" />
    <ClInclude Include="Components\PositionComponent.h" />
    <ClInclude Include="Components\VelocityComponent.h" />
    <ClInclude Include="Components\StatsComponent.h" />
    <ClInclude Include="Components\ColliderComponent.h" />
  </ItemGroup>
</Project>