<?xml version="1.0" encoding="utf-8"?>
<Project ToolsVersion="4.0" xmlns="http://schemas.microsoft.com/developer/msbuild/2003">
  <ItemGroup>
    <Filter Include="Source Files">
      <UniqueIdentifier>{4FC737F1-C7A5-4376-A066-2A32D752A2FF}</UniqueIdentifier>
      <Extensions>cpp;c;cc;cxx;def;odl;idl;hpj;bat;asm;asmx</Extensions>
    </Filter>
    <Filter Include="Header Files">
      <UniqueIdentifier>{93995380-89BD-4b04-88EB-625FBE52EBFB}</UniqueIdentifier>
      <Extensions>h;hh;hpp;hxx;hm;inl;inc;ipp;xsd</Extensions>
    </Filter>
    <Filter Include="Resource Files">
      <UniqueIdentifier>{67DA6AB6-F800-4c08-8B7A-83BB121AAD01}</UniqueIdentifier>
      <Extensions>rc;ico;cur;bmp;dlg;rc2;rct;bin;rgs;gif;jpg;jpeg;jpe;resx;tiff;tif;png;wav;mfcribbon-ms</Extensions>
    </Filter>
    <Filter Include="Header Files\Component">
      <UniqueIdentifier>{fcf6c0a2-5af6-4567-b800-24126b8c3f7e}</UniqueIdentifier>
    </Filter>
    <Filter Include="Header Files\System">
      <UniqueIdentifier>{b52ff2bd-f855-42ca-9327-8880c1ebd834}</UniqueIdentifier>
    </Filter>
    <Filter Include="Source Files\Component">
      <UniqueIdentifier>{7228fc13-d8a9-41f2-9e44-324af310c512}</UniqueIdentifier>
    </Filter>
    <Filter Include="Source Files\System">
      <UniqueIdentifier>{1343f60b-be1b-4ee3-9fbd-1f1b87c5be33}</UniqueIdentifier>
    </Filter>
  </ItemGroup>
  <ItemGroup>
    <ClInclude Include="GameManager.h">
      <Filter>Header Files</Filter>
    </ClInclude>
    <ClInclude Include="AIComponent.h">
      <Filter>Header Files\Component</Filter>
    </ClInclude>
    <ClInclude Include="PositionComponent.h">
      <Filter>Header Files\Component</Filter>
    </ClInclude>
    <ClInclude Include="VelocityComponent.h">
      <Filter>Header Files\Component</Filter>
    </ClInclude>
    <ClInclude Include="AISystem.h">
      <Filter>Header Files\System</Filter>
    </ClInclude>
    <ClInclude Include="HealthComponent.h">
      <Filter>Header Files\Component</Filter>
    </ClInclude>
    <ClInclude Include="LevelComponent.h">
      <Filter>Header Files\Component</Filter>
    </ClInclude>
    <ClInclude Include="InteractionComponent.h">
      <Filter>Header Files\Component</Filter>
    </ClInclude>
    <ClInclude Include="InteractionSystem.h">
      <Filter>Header Files\System</Filter>
    </ClInclude>
    <ClInclude Include="FightingSystem.h">
      <Filter>Header Files\System</Filter>
    </ClInclude>
    <ClInclude Include="InputComponent.h">
      <Filter>Header Files\Component</Filter>
    </ClInclude>
    <ClInclude Include="InputSystem.h">
      <Filter>Header Files\System</Filter>
    </ClInclude>
    <ClInclude Include="MoveSystem.h">
      <Filter>Header Files\System</Filter>
    </ClInclude>
  </ItemGroup>
  <ItemGroup>
    <ClCompile Include="main.cpp">
      <Filter>Source Files</Filter>
    </ClCompile>
    <ClCompile Include="GameManager.cpp">
      <Filter>Source Files</Filter>
    </ClCompile>
    <ClCompile Include="VelocityComponent.cpp">
      <Filter>Source Files\Component</Filter>
    </ClCompile>
    <ClCompile Include="PositionComponent.cpp">
      <Filter>Source Files\Component</Filter>
    </ClCompile>
    <ClCompile Include="AIComponent.cpp">
      <Filter>Source Files\Component</Filter>
    </ClCompile>
    <ClCompile Include="AISystem.cpp">
      <Filter>Source Files\System</Filter>
    </ClCompile>
    <ClCompile Include="HealthComponent.cpp">
      <Filter>Source Files\Component</Filter>
    </ClCompile>
    <ClCompile Include="LevelComponent.cpp">
      <Filter>Source Files\Component</Filter>
    </ClCompile>
    <ClCompile Include="InteractionComponent.cpp">
      <Filter>Source Files\Component</Filter>
    </ClCompile>
    <ClCompile Include="InteractionSystem.cpp">
      <Filter>Source Files\System</Filter>
    </ClCompile>
    <ClCompile Include="FightingSystem.cpp">
      <Filter>Source Files\System</Filter>
    </ClCompile>
    <ClCompile Include="InputSystem.cpp">
      <Filter>Source Files\System</Filter>
    </ClCompile>
    <ClCompile Include="MoveSystem.cpp">
      <Filter>Source Files\System</Filter>
    </ClCompile>
    <ClCompile Include="InputComponent.cpp">
      <Filter>Source Files\Component</Filter>
    </ClCompile>
  </ItemGroup>
</Project>